
Microsoft Visual Studio Solution File, Format Version 12.00
# Visual Studio Version 17
VisualStudioVersion = 17.7.34024.191
MinimumVisualStudioVersion = 10.0.40219.1
Project("{9A19103F-16F7-4668-BE54-9A1E7A4F7556}") = "DAL", "DAL\DAL.csproj", "{84D498B1-2996-42AA-847A-624F8B9C2822}"
EndProject
Project("{9A19103F-16F7-4668-BE54-9A1E7A4F7556}") = "WebCoreAPI", "WebCoreAPI\WebCoreAPI.csproj", "{9C56BEBD-6C0B-49F2-A448-5053263069F2}"
EndProject
Project("{9A19103F-16F7-4668-BE54-9A1E7A4F7556}") = "BLayer", "BLayer\BLayer.csproj", "{83CF9000-1F7E-4E62-9DCB-A6FE8A16BA47}"
EndProject
Project("{FAE04EC0-301F-11D3-BF4B-00C04F79EFBC}") = "WebMVC", "WebMVC\WebMVC.csproj", "{2D566E1F-86EB-42EE-BFC0-9AC427C58684}"
EndProject
Global
	GlobalSection(SolutionConfigurationPlatforms) = preSolution
		Debug|Any CPU = Debug|Any CPU
		Release|Any CPU = Release|Any CPU
	EndGlobalSection
	GlobalSection(ProjectConfigurationPlatforms) = postSolution
		{84D498B1-2996-42AA-847A-624F8B9C2822}.Debug|Any CPU.ActiveCfg = Debug|Any CPU
		{84D498B1-2996-42AA-847A-624F8B9C2822}.Debug|Any CPU.Build.0 = Debug|Any CPU
		{84D498B1-2996-42AA-847A-624F8B9C2822}.Release|Any CPU.ActiveCfg = Release|Any CPU
		{84D498B1-2996-42AA-847A-624F8B9C2822}.Release|Any CPU.Build.0 = Release|Any CPU
		{9C56BEBD-6C0B-49F2-A448-5053263069F2}.Debug|Any CPU.ActiveCfg = Debug|Any CPU
		{9C56BEBD-6C0B-49F2-A448-5053263069F2}.Debug|Any CPU.Build.0 = Debug|Any CPU
		{9C56BEBD-6C0B-49F2-A448-5053263069F2}.Release|Any CPU.ActiveCfg = Release|Any CPU
		{9C56BEBD-6C0B-49F2-A448-5053263069F2}.Release|Any CPU.Build.0 = Release|Any CPU
		{83CF9000-1F7E-4E62-9DCB-A6FE8A16BA47}.Debug|Any CPU.ActiveCfg = Debug|Any CPU
		{83CF9000-1F7E-4E62-9DCB-A6FE8A16BA47}.Debug|Any CPU.Build.0 = Debug|Any CPU
		{83CF9000-1F7E-4E62-9DCB-A6FE8A16BA47}.Release|Any CPU.ActiveCfg = Release|Any CPU
		{83CF9000-1F7E-4E62-9DCB-A6FE8A16BA47}.Release|Any CPU.Build.0 = Release|Any CPU
		{2D566E1F-86EB-42EE-BFC0-9AC427C58684}.Debug|Any CPU.ActiveCfg = Debug|Any CPU
		{2D566E1F-86EB-42EE-BFC0-9AC427C58684}.Debug|Any CPU.Build.0 = Debug|Any CPU
		{2D566E1F-86EB-42EE-BFC0-9AC427C58684}.Release|Any CPU.ActiveCfg = Release|Any CPU
		{2D566E1F-86EB-42EE-BFC0-9AC427C58684}.Release|Any CPU.Build.0 = Release|Any CPU
	EndGlobalSection
	GlobalSection(SolutionProperties) = preSolution
		HideSolutionNode = FALSE
	EndGlobalSection
	GlobalSection(ExtensibilityGlobals) = postSolution
		SolutionGuid = {7DFE6641-E41F-40EE-8DA8-91C119AD12A7}
	EndGlobalSection
EndGlobal
